
Microsoft Visual Studio Solution File, Format Version 12.00
# Visual Studio Version 17
VisualStudioVersion = 17.5.33424.131
MinimumVisualStudioVersion = 10.0.40219.1
Project("{FAE04EC0-301F-11D3-BF4B-00C04F79EFBC}") = "websitee", "websitee.csproj", "{EC679770-49B0-4D22-8370-D394AC7AFD4E}"
EndProject
Global
	GlobalSection(SolutionConfigurationPlatforms) = preSolution
		Debug|Any CPU = Debug|Any CPU
		Release|Any CPU = Release|Any CPU
	EndGlobalSection
	GlobalSection(ProjectConfigurationPlatforms) = postSolution
		{EC679770-49B0-4D22-8370-D394AC7AFD4E}.Debug|Any CPU.ActiveCfg = Debug|Any CPU
		{EC679770-49B0-4D22-8370-D394AC7AFD4E}.Debug|Any CPU.Build.0 = Debug|Any CPU
		{EC679770-49B0-4D22-8370-D394AC7AFD4E}.Release|Any CPU.ActiveCfg = Release|Any CPU
		{EC679770-49B0-4D22-8370-D394AC7AFD4E}.Release|Any CPU.Build.0 = Release|Any CPU
	EndGlobalSection
	GlobalSection(SolutionProperties) = preSolution
		HideSolutionNode = FALSE
	EndGlobalSection
	GlobalSection(ExtensibilityGlobals) = postSolution
		SolutionGuid = {D7D0F890-4B70-4115-9B69-5BD22F20C95E}
	EndGlobalSection
EndGlobal
